
Microsoft Visual Studio Solution File, Format Version 12.00
# Visual Studio Version 17
VisualStudioVersion = 17.6.33829.357
MinimumVisualStudioVersion = 10.0.40219.1
Project("{9A19103F-16F7-4668-BE54-9A1E7A4F7556}") = "Ayniyat.Api", "Ayniyat.Api\Ayniyat.Api.csproj", "{BE6CB3B3-B0C1-4AB1-8E41-079C2A962A15}"
EndProject
Project("{9A19103F-16F7-4668-BE54-9A1E7A4F7556}") = "Ayniyat.Models", "Ayniyat.Models\Ayniyat.Models.csproj", "{11281973-0C16-43FF-845E-1E372994A328}"
EndProject
Project("{9A19103F-16F7-4668-BE54-9A1E7A4F7556}") = "Ayniyat.Dal", "Ayniyat.Dal\Ayniyat.Dal.csproj", "{9A067151-9393-408A-9EAC-D35FF1EF87BE}"
EndProject
Global
	GlobalSection(SolutionConfigurationPlatforms) = preSolution
		Debug|Any CPU = Debug|Any CPU
		Release|Any CPU = Release|Any CPU
	EndGlobalSection
	GlobalSection(ProjectConfigurationPlatforms) = postSolution
		{BE6CB3B3-B0C1-4AB1-8E41-079C2A962A15}.Debug|Any CPU.ActiveCfg = Debug|Any CPU
		{BE6CB3B3-B0C1-4AB1-8E41-079C2A962A15}.Debug|Any CPU.Build.0 = Debug|Any CPU
		{BE6CB3B3-B0C1-4AB1-8E41-079C2A962A15}.Release|Any CPU.ActiveCfg = Release|Any CPU
		{BE6CB3B3-B0C1-4AB1-8E41-079C2A962A15}.Release|Any CPU.Build.0 = Release|Any CPU
		{11281973-0C16-43FF-845E-1E372994A328}.Debug|Any CPU.ActiveCfg = Debug|Any CPU
		{11281973-0C16-43FF-845E-1E372994A328}.Debug|Any CPU.Build.0 = Debug|Any CPU
		{11281973-0C16-43FF-845E-1E372994A328}.Release|Any CPU.ActiveCfg = Release|Any CPU
		{11281973-0C16-43FF-845E-1E372994A328}.Release|Any CPU.Build.0 = Release|Any CPU
		{9A067151-9393-408A-9EAC-D35FF1EF87BE}.Debug|Any CPU.ActiveCfg = Debug|Any CPU
		{9A067151-9393-408A-9EAC-D35FF1EF87BE}.Debug|Any CPU.Build.0 = Debug|Any CPU
		{9A067151-9393-408A-9EAC-D35FF1EF87BE}.Release|Any CPU.ActiveCfg = Release|Any CPU
		{9A067151-9393-408A-9EAC-D35FF1EF87BE}.Release|Any CPU.Build.0 = Release|Any CPU
	EndGlobalSection
	GlobalSection(SolutionProperties) = preSolution
		HideSolutionNode = FALSE
	EndGlobalSection
	GlobalSection(ExtensibilityGlobals) = postSolution
		SolutionGuid = {215B03C7-E6A7-4CC3-BE8E-E32E1B2BEE89}
	EndGlobalSection
EndGlobal
